
Microsoft Visual Studio Solution File, Format Version 12.00
# Visual Studio Version 16
VisualStudioVersion = 16.0.30717.126
MinimumVisualStudioVersion = 10.0.40219.1
Project("{FAE04EC0-301F-11D3-BF4B-00C04F79EFBC}") = "Chap_01_Computer_Memory", "Chap_01_Computer_Memory\Chap_01_Computer_Memory.csproj", "{D85838C4-AA16-4359-9E34-C428BBD10B3A}"
EndProject
Project("{FAE04EC0-301F-11D3-BF4B-00C04F79EFBC}") = "Chap_02_Pointer", "Chap_02_Pointer\Chap_02_Pointer.csproj", "{9124363A-B17F-4DE4-9A31-96CBEBE2D953}"
EndProject
Global
	GlobalSection(SolutionConfigurationPlatforms) = preSolution
		Debug|Any CPU = Debug|Any CPU
		Release|Any CPU = Release|Any CPU
	EndGlobalSection
	GlobalSection(ProjectConfigurationPlatforms) = postSolution
		{D85838C4-AA16-4359-9E34-C428BBD10B3A}.Debug|Any CPU.ActiveCfg = Debug|Any CPU
		{D85838C4-AA16-4359-9E34-C428BBD10B3A}.Debug|Any CPU.Build.0 = Debug|Any CPU
		{D85838C4-AA16-4359-9E34-C428BBD10B3A}.Release|Any CPU.ActiveCfg = Release|Any CPU
		{D85838C4-AA16-4359-9E34-C428BBD10B3A}.Release|Any CPU.Build.0 = Release|Any CPU
		{9124363A-B17F-4DE4-9A31-96CBEBE2D953}.Debug|Any CPU.ActiveCfg = Debug|Any CPU
		{9124363A-B17F-4DE4-9A31-96CBEBE2D953}.Debug|Any CPU.Build.0 = Debug|Any CPU
		{9124363A-B17F-4DE4-9A31-96CBEBE2D953}.Release|Any CPU.ActiveCfg = Release|Any CPU
		{9124363A-B17F-4DE4-9A31-96CBEBE2D953}.Release|Any CPU.Build.0 = Release|Any CPU
	EndGlobalSection
	GlobalSection(SolutionProperties) = preSolution
		HideSolutionNode = FALSE
	EndGlobalSection
	GlobalSection(ExtensibilityGlobals) = postSolution
		SolutionGuid = {D17C503E-95B3-4BF5-8E66-679EDEB038E4}
	EndGlobalSection
EndGlobal
