
Microsoft Visual Studio Solution File, Format Version 12.00
# Visual Studio Version 16
VisualStudioVersion = 16.0.30621.155
MinimumVisualStudioVersion = 10.0.40219.1
Project("{9A19103F-16F7-4668-BE54-9A1E7A4F7556}") = "Chap_1", "Chap_1\Chap_1.csproj", "{88C823F3-CCD2-4B8D-A39D-D171A617C277}"
EndProject
Project("{9A19103F-16F7-4668-BE54-9A1E7A4F7556}") = "Chap_2", "Chap_2\Chap_2.csproj", "{15F80C66-D694-40D8-B935-CDF56ACFC1C7}"
EndProject
Project("{9A19103F-16F7-4668-BE54-9A1E7A4F7556}") = "Chap_3", "Chap_3\Chap_3.csproj", "{2188BFFA-DF92-4F4D-86ED-96DE9BD7362F}"
EndProject
Project("{9A19103F-16F7-4668-BE54-9A1E7A4F7556}") = "Chap_4", "Chap_4\Chap_4.csproj", "{DCCB5F94-6CEF-4D6D-AD94-D6CC3E5ABF41}"
EndProject
Project("{9A19103F-16F7-4668-BE54-9A1E7A4F7556}") = "Chap_5", "Chap_5\Chap_5.csproj", "{00D7001A-8F16-4443-AFE1-FE922930547C}"
EndProject
Project("{9A19103F-16F7-4668-BE54-9A1E7A4F7556}") = "Chap_6", "Chap_6\Chap_6.csproj", "{25E0BA43-68B3-4303-9A79-501BF7C9B1E1}"
EndProject
Project("{FAE04EC0-301F-11D3-BF4B-00C04F79EFBC}") = "Chap_7", "Chap_7\Chap_7.csproj", "{3D9CBE14-55AC-41FF-97BE-5B242E26182D}"
EndProject
Global
	GlobalSection(SolutionConfigurationPlatforms) = preSolution
		Debug|Any CPU = Debug|Any CPU
		Release|Any CPU = Release|Any CPU
	EndGlobalSection
	GlobalSection(ProjectConfigurationPlatforms) = postSolution
		{88C823F3-CCD2-4B8D-A39D-D171A617C277}.Debug|Any CPU.ActiveCfg = Debug|Any CPU
		{88C823F3-CCD2-4B8D-A39D-D171A617C277}.Debug|Any CPU.Build.0 = Debug|Any CPU
		{88C823F3-CCD2-4B8D-A39D-D171A617C277}.Release|Any CPU.ActiveCfg = Release|Any CPU
		{88C823F3-CCD2-4B8D-A39D-D171A617C277}.Release|Any CPU.Build.0 = Release|Any CPU
		{15F80C66-D694-40D8-B935-CDF56ACFC1C7}.Debug|Any CPU.ActiveCfg = Debug|Any CPU
		{15F80C66-D694-40D8-B935-CDF56ACFC1C7}.Debug|Any CPU.Build.0 = Debug|Any CPU
		{15F80C66-D694-40D8-B935-CDF56ACFC1C7}.Release|Any CPU.ActiveCfg = Release|Any CPU
		{15F80C66-D694-40D8-B935-CDF56ACFC1C7}.Release|Any CPU.Build.0 = Release|Any CPU
		{2188BFFA-DF92-4F4D-86ED-96DE9BD7362F}.Debug|Any CPU.ActiveCfg = Debug|Any CPU
		{2188BFFA-DF92-4F4D-86ED-96DE9BD7362F}.Debug|Any CPU.Build.0 = Debug|Any CPU
		{2188BFFA-DF92-4F4D-86ED-96DE9BD7362F}.Release|Any CPU.ActiveCfg = Release|Any CPU
		{2188BFFA-DF92-4F4D-86ED-96DE9BD7362F}.Release|Any CPU.Build.0 = Release|Any CPU
		{DCCB5F94-6CEF-4D6D-AD94-D6CC3E5ABF41}.Debug|Any CPU.ActiveCfg = Debug|Any CPU
		{DCCB5F94-6CEF-4D6D-AD94-D6CC3E5ABF41}.Debug|Any CPU.Build.0 = Debug|Any CPU
		{DCCB5F94-6CEF-4D6D-AD94-D6CC3E5ABF41}.Release|Any CPU.ActiveCfg = Release|Any CPU
		{DCCB5F94-6CEF-4D6D-AD94-D6CC3E5ABF41}.Release|Any CPU.Build.0 = Release|Any CPU
		{00D7001A-8F16-4443-AFE1-FE922930547C}.Debug|Any CPU.ActiveCfg = Debug|Any CPU
		{00D7001A-8F16-4443-AFE1-FE922930547C}.Debug|Any CPU.Build.0 = Debug|Any CPU
		{00D7001A-8F16-4443-AFE1-FE922930547C}.Release|Any CPU.ActiveCfg = Release|Any CPU
		{00D7001A-8F16-4443-AFE1-FE922930547C}.Release|Any CPU.Build.0 = Release|Any CPU
		{25E0BA43-68B3-4303-9A79-501BF7C9B1E1}.Debug|Any CPU.ActiveCfg = Debug|Any CPU
		{25E0BA43-68B3-4303-9A79-501BF7C9B1E1}.Debug|Any CPU.Build.0 = Debug|Any CPU
		{25E0BA43-68B3-4303-9A79-501BF7C9B1E1}.Release|Any CPU.ActiveCfg = Release|Any CPU
		{25E0BA43-68B3-4303-9A79-501BF7C9B1E1}.Release|Any CPU.Build.0 = Release|Any CPU
		{3D9CBE14-55AC-41FF-97BE-5B242E26182D}.Debug|Any CPU.ActiveCfg = Debug|Any CPU
		{3D9CBE14-55AC-41FF-97BE-5B242E26182D}.Debug|Any CPU.Build.0 = Debug|Any CPU
		{3D9CBE14-55AC-41FF-97BE-5B242E26182D}.Release|Any CPU.ActiveCfg = Release|Any CPU
		{3D9CBE14-55AC-41FF-97BE-5B242E26182D}.Release|Any CPU.Build.0 = Release|Any CPU
	EndGlobalSection
	GlobalSection(SolutionProperties) = preSolution
		HideSolutionNode = FALSE
	EndGlobalSection
	GlobalSection(ExtensibilityGlobals) = postSolution
		SolutionGuid = {03AC25F9-D337-49C3-96C0-D3D822B7137F}
	EndGlobalSection
EndGlobal
