
Microsoft Visual Studio Solution File, Format Version 12.00
# Visual Studio Version 16
VisualStudioVersion = 16.0.30907.101
MinimumVisualStudioVersion = 10.0.40219.1
Project("{9A19103F-16F7-4668-BE54-9A1E7A4F7556}") = "Chap_02_Time_and_Space_Complexity", "Chap_02_Time_and_Space_Complexity\Chap_02_Time_and_Space_Complexity.csproj", "{1F70D1F8-119C-494B-92DA-1D4B29DA8350}"
EndProject
Project("{9A19103F-16F7-4668-BE54-9A1E7A4F7556}") = "Chap_03_Searching_Algorithm", "Chap_03_Searching_Algorithm\Chap_03_Searching_Algorithm.csproj", "{098E7722-0877-4EEB-86B5-A59727FF1613}"
EndProject
Project("{9A19103F-16F7-4668-BE54-9A1E7A4F7556}") = "Chap_04_Sorting_Algorithm", "Chap_04_Sorting_Algorithm\Chap_04_Sorting_Algorithm.csproj", "{6140134B-332B-48BF-AFA8-7F4A8BC759D5}"
EndProject
Project("{9A19103F-16F7-4668-BE54-9A1E7A4F7556}") = "Chap_05_Stack_And_Queue", "Chap_05_Stack_And_Queue\Chap_05_Stack_And_Queue.csproj", "{024F626E-5A42-440A-9266-14804B0A1124}"
EndProject
Project("{FAE04EC0-301F-11D3-BF4B-00C04F79EFBC}") = "Chap_06_Linked_List", "Chap_06_Linked_List\Chap_06_Linked_List.csproj", "{2744C9D0-1DB0-41B9-852E-785EC7F2EB76}"
EndProject
Global
	GlobalSection(SolutionConfigurationPlatforms) = preSolution
		Debug|Any CPU = Debug|Any CPU
		Release|Any CPU = Release|Any CPU
	EndGlobalSection
	GlobalSection(ProjectConfigurationPlatforms) = postSolution
		{1F70D1F8-119C-494B-92DA-1D4B29DA8350}.Debug|Any CPU.ActiveCfg = Debug|Any CPU
		{1F70D1F8-119C-494B-92DA-1D4B29DA8350}.Debug|Any CPU.Build.0 = Debug|Any CPU
		{1F70D1F8-119C-494B-92DA-1D4B29DA8350}.Release|Any CPU.ActiveCfg = Release|Any CPU
		{1F70D1F8-119C-494B-92DA-1D4B29DA8350}.Release|Any CPU.Build.0 = Release|Any CPU
		{098E7722-0877-4EEB-86B5-A59727FF1613}.Debug|Any CPU.ActiveCfg = Debug|Any CPU
		{098E7722-0877-4EEB-86B5-A59727FF1613}.Debug|Any CPU.Build.0 = Debug|Any CPU
		{098E7722-0877-4EEB-86B5-A59727FF1613}.Release|Any CPU.ActiveCfg = Release|Any CPU
		{098E7722-0877-4EEB-86B5-A59727FF1613}.Release|Any CPU.Build.0 = Release|Any CPU
		{6140134B-332B-48BF-AFA8-7F4A8BC759D5}.Debug|Any CPU.ActiveCfg = Debug|Any CPU
		{6140134B-332B-48BF-AFA8-7F4A8BC759D5}.Debug|Any CPU.Build.0 = Debug|Any CPU
		{6140134B-332B-48BF-AFA8-7F4A8BC759D5}.Release|Any CPU.ActiveCfg = Release|Any CPU
		{6140134B-332B-48BF-AFA8-7F4A8BC759D5}.Release|Any CPU.Build.0 = Release|Any CPU
		{024F626E-5A42-440A-9266-14804B0A1124}.Debug|Any CPU.ActiveCfg = Debug|Any CPU
		{024F626E-5A42-440A-9266-14804B0A1124}.Debug|Any CPU.Build.0 = Debug|Any CPU
		{024F626E-5A42-440A-9266-14804B0A1124}.Release|Any CPU.ActiveCfg = Release|Any CPU
		{024F626E-5A42-440A-9266-14804B0A1124}.Release|Any CPU.Build.0 = Release|Any CPU
		{2744C9D0-1DB0-41B9-852E-785EC7F2EB76}.Debug|Any CPU.ActiveCfg = Debug|Any CPU
		{2744C9D0-1DB0-41B9-852E-785EC7F2EB76}.Debug|Any CPU.Build.0 = Debug|Any CPU
		{2744C9D0-1DB0-41B9-852E-785EC7F2EB76}.Release|Any CPU.ActiveCfg = Release|Any CPU
		{2744C9D0-1DB0-41B9-852E-785EC7F2EB76}.Release|Any CPU.Build.0 = Release|Any CPU
	EndGlobalSection
	GlobalSection(SolutionProperties) = preSolution
		HideSolutionNode = FALSE
	EndGlobalSection
	GlobalSection(ExtensibilityGlobals) = postSolution
		SolutionGuid = {4F151E9E-B78D-4097-8875-212EF3AC594D}
	EndGlobalSection
EndGlobal
