
Microsoft Visual Studio Solution File, Format Version 12.00
# Visual Studio Version 16
VisualStudioVersion = 16.0.30709.132
MinimumVisualStudioVersion = 10.0.40219.1
Project("{9A19103F-16F7-4668-BE54-9A1E7A4F7556}") = "Chap_01", "Chap_01\Chap_01.csproj", "{6B63C494-1BE2-4201-BACB-ADB83A5DEE5C}"
EndProject
Project("{9A19103F-16F7-4668-BE54-9A1E7A4F7556}") = "Chap_02", "Chap_02\Chap_02.csproj", "{149D76EB-8293-45B7-BC4C-C9E60D6C4897}"
EndProject
Project("{9A19103F-16F7-4668-BE54-9A1E7A4F7556}") = "Chap_03", "Chap_03\Chap_03.csproj", "{B349403A-B2E6-49B8-8BD7-C99916BF00C9}"
EndProject
Project("{9A19103F-16F7-4668-BE54-9A1E7A4F7556}") = "Chap_04", "Chap_04\Chap_04.csproj", "{207B04E4-81BC-4917-B8AF-0E15E10AC95F}"
EndProject
Project("{9A19103F-16F7-4668-BE54-9A1E7A4F7556}") = "Chap_05", "Chap_05\Chap_05.csproj", "{888D0017-B75E-4BFB-81DA-57B56E72AC24}"
EndProject
Project("{FAE04EC0-301F-11D3-BF4B-00C04F79EFBC}") = "Chap_06", "Chap_06\Chap_06.csproj", "{C83A53D4-BC8A-481C-976E-0481C46F3CCA}"
EndProject
Project("{FAE04EC0-301F-11D3-BF4B-00C04F79EFBC}") = "Chap_07", "Chap_07\Chap_07.csproj", "{2F95725E-6C86-4715-A086-465808D40475}"
EndProject
Project("{FAE04EC0-301F-11D3-BF4B-00C04F79EFBC}") = "Chap_08", "Chap_08\Chap_08.csproj", "{16E287DC-41A5-4E05-B8EC-4BE5B1D09F3E}"
EndProject
Project("{FAE04EC0-301F-11D3-BF4B-00C04F79EFBC}") = "Chap_09", "Chap_09\Chap_09.csproj", "{1CBFF97A-F453-45D4-84C3-6801297926CE}"
EndProject
Project("{FAE04EC0-301F-11D3-BF4B-00C04F79EFBC}") = "Chap_10", "Chap_10\Chap_10.csproj", "{E5B4FFE9-65E9-4AB6-A385-51ECB44F4E07}"
EndProject
Global
	GlobalSection(SolutionConfigurationPlatforms) = preSolution
		Debug|Any CPU = Debug|Any CPU
		Release|Any CPU = Release|Any CPU
	EndGlobalSection
	GlobalSection(ProjectConfigurationPlatforms) = postSolution
		{6B63C494-1BE2-4201-BACB-ADB83A5DEE5C}.Debug|Any CPU.ActiveCfg = Debug|Any CPU
		{6B63C494-1BE2-4201-BACB-ADB83A5DEE5C}.Debug|Any CPU.Build.0 = Debug|Any CPU
		{6B63C494-1BE2-4201-BACB-ADB83A5DEE5C}.Release|Any CPU.ActiveCfg = Release|Any CPU
		{6B63C494-1BE2-4201-BACB-ADB83A5DEE5C}.Release|Any CPU.Build.0 = Release|Any CPU
		{149D76EB-8293-45B7-BC4C-C9E60D6C4897}.Debug|Any CPU.ActiveCfg = Debug|Any CPU
		{149D76EB-8293-45B7-BC4C-C9E60D6C4897}.Debug|Any CPU.Build.0 = Debug|Any CPU
		{149D76EB-8293-45B7-BC4C-C9E60D6C4897}.Release|Any CPU.ActiveCfg = Release|Any CPU
		{149D76EB-8293-45B7-BC4C-C9E60D6C4897}.Release|Any CPU.Build.0 = Release|Any CPU
		{B349403A-B2E6-49B8-8BD7-C99916BF00C9}.Debug|Any CPU.ActiveCfg = Debug|Any CPU
		{B349403A-B2E6-49B8-8BD7-C99916BF00C9}.Debug|Any CPU.Build.0 = Debug|Any CPU
		{B349403A-B2E6-49B8-8BD7-C99916BF00C9}.Release|Any CPU.ActiveCfg = Release|Any CPU
		{B349403A-B2E6-49B8-8BD7-C99916BF00C9}.Release|Any CPU.Build.0 = Release|Any CPU
		{207B04E4-81BC-4917-B8AF-0E15E10AC95F}.Debug|Any CPU.ActiveCfg = Debug|Any CPU
		{207B04E4-81BC-4917-B8AF-0E15E10AC95F}.Debug|Any CPU.Build.0 = Debug|Any CPU
		{207B04E4-81BC-4917-B8AF-0E15E10AC95F}.Release|Any CPU.ActiveCfg = Release|Any CPU
		{207B04E4-81BC-4917-B8AF-0E15E10AC95F}.Release|Any CPU.Build.0 = Release|Any CPU
		{888D0017-B75E-4BFB-81DA-57B56E72AC24}.Debug|Any CPU.ActiveCfg = Debug|Any CPU
		{888D0017-B75E-4BFB-81DA-57B56E72AC24}.Debug|Any CPU.Build.0 = Debug|Any CPU
		{888D0017-B75E-4BFB-81DA-57B56E72AC24}.Release|Any CPU.ActiveCfg = Release|Any CPU
		{888D0017-B75E-4BFB-81DA-57B56E72AC24}.Release|Any CPU.Build.0 = Release|Any CPU
		{C83A53D4-BC8A-481C-976E-0481C46F3CCA}.Debug|Any CPU.ActiveCfg = Debug|Any CPU
		{C83A53D4-BC8A-481C-976E-0481C46F3CCA}.Debug|Any CPU.Build.0 = Debug|Any CPU
		{C83A53D4-BC8A-481C-976E-0481C46F3CCA}.Release|Any CPU.ActiveCfg = Release|Any CPU
		{C83A53D4-BC8A-481C-976E-0481C46F3CCA}.Release|Any CPU.Build.0 = Release|Any CPU
		{2F95725E-6C86-4715-A086-465808D40475}.Debug|Any CPU.ActiveCfg = Debug|Any CPU
		{2F95725E-6C86-4715-A086-465808D40475}.Debug|Any CPU.Build.0 = Debug|Any CPU
		{2F95725E-6C86-4715-A086-465808D40475}.Release|Any CPU.ActiveCfg = Release|Any CPU
		{2F95725E-6C86-4715-A086-465808D40475}.Release|Any CPU.Build.0 = Release|Any CPU
		{16E287DC-41A5-4E05-B8EC-4BE5B1D09F3E}.Debug|Any CPU.ActiveCfg = Debug|Any CPU
		{16E287DC-41A5-4E05-B8EC-4BE5B1D09F3E}.Debug|Any CPU.Build.0 = Debug|Any CPU
		{16E287DC-41A5-4E05-B8EC-4BE5B1D09F3E}.Release|Any CPU.ActiveCfg = Release|Any CPU
		{16E287DC-41A5-4E05-B8EC-4BE5B1D09F3E}.Release|Any CPU.Build.0 = Release|Any CPU
		{1CBFF97A-F453-45D4-84C3-6801297926CE}.Debug|Any CPU.ActiveCfg = Debug|Any CPU
		{1CBFF97A-F453-45D4-84C3-6801297926CE}.Debug|Any CPU.Build.0 = Debug|Any CPU
		{1CBFF97A-F453-45D4-84C3-6801297926CE}.Release|Any CPU.ActiveCfg = Release|Any CPU
		{1CBFF97A-F453-45D4-84C3-6801297926CE}.Release|Any CPU.Build.0 = Release|Any CPU
		{E5B4FFE9-65E9-4AB6-A385-51ECB44F4E07}.Debug|Any CPU.ActiveCfg = Debug|Any CPU
		{E5B4FFE9-65E9-4AB6-A385-51ECB44F4E07}.Debug|Any CPU.Build.0 = Debug|Any CPU
		{E5B4FFE9-65E9-4AB6-A385-51ECB44F4E07}.Release|Any CPU.ActiveCfg = Release|Any CPU
		{E5B4FFE9-65E9-4AB6-A385-51ECB44F4E07}.Release|Any CPU.Build.0 = Release|Any CPU
	EndGlobalSection
	GlobalSection(SolutionProperties) = preSolution
		HideSolutionNode = FALSE
	EndGlobalSection
	GlobalSection(ExtensibilityGlobals) = postSolution
		SolutionGuid = {9057F9A7-D28F-4E50-BF5A-1A66FCCC1FC0}
	EndGlobalSection
EndGlobal
