
Microsoft Visual Studio Solution File, Format Version 12.00
# Visual Studio Version 16
VisualStudioVersion = 16.0.30717.126
MinimumVisualStudioVersion = 10.0.40219.1
Project("{9A19103F-16F7-4668-BE54-9A1E7A4F7556}") = "Chap_01_Computer_Memory", "Chap_01_Computer_Memory\Chap_01_Computer_Memory.csproj", "{B66A84EE-4FEE-47B3-BED9-6D9961C9C242}"
EndProject
Project("{9A19103F-16F7-4668-BE54-9A1E7A4F7556}") = "Chap_02_Pointer", "Chap_02_Pointer\Chap_02_Pointer.csproj", "{26B57360-EAB5-4A5F-B7A2-B94A82EFE0A1}"
EndProject
Project("{FAE04EC0-301F-11D3-BF4B-00C04F79EFBC}") = "Chap_03_File", "Chap_03_File\Chap_03_File.csproj", "{B139CD81-6371-4246-9D70-4ED9BA5366EC}"
EndProject
Global
	GlobalSection(SolutionConfigurationPlatforms) = preSolution
		Debug|Any CPU = Debug|Any CPU
		Release|Any CPU = Release|Any CPU
	EndGlobalSection
	GlobalSection(ProjectConfigurationPlatforms) = postSolution
		{B66A84EE-4FEE-47B3-BED9-6D9961C9C242}.Debug|Any CPU.ActiveCfg = Debug|Any CPU
		{B66A84EE-4FEE-47B3-BED9-6D9961C9C242}.Debug|Any CPU.Build.0 = Debug|Any CPU
		{B66A84EE-4FEE-47B3-BED9-6D9961C9C242}.Release|Any CPU.ActiveCfg = Release|Any CPU
		{B66A84EE-4FEE-47B3-BED9-6D9961C9C242}.Release|Any CPU.Build.0 = Release|Any CPU
		{26B57360-EAB5-4A5F-B7A2-B94A82EFE0A1}.Debug|Any CPU.ActiveCfg = Debug|Any CPU
		{26B57360-EAB5-4A5F-B7A2-B94A82EFE0A1}.Debug|Any CPU.Build.0 = Debug|Any CPU
		{26B57360-EAB5-4A5F-B7A2-B94A82EFE0A1}.Release|Any CPU.ActiveCfg = Release|Any CPU
		{26B57360-EAB5-4A5F-B7A2-B94A82EFE0A1}.Release|Any CPU.Build.0 = Release|Any CPU
		{B139CD81-6371-4246-9D70-4ED9BA5366EC}.Debug|Any CPU.ActiveCfg = Debug|Any CPU
		{B139CD81-6371-4246-9D70-4ED9BA5366EC}.Debug|Any CPU.Build.0 = Debug|Any CPU
		{B139CD81-6371-4246-9D70-4ED9BA5366EC}.Release|Any CPU.ActiveCfg = Release|Any CPU
		{B139CD81-6371-4246-9D70-4ED9BA5366EC}.Release|Any CPU.Build.0 = Release|Any CPU
	EndGlobalSection
	GlobalSection(SolutionProperties) = preSolution
		HideSolutionNode = FALSE
	EndGlobalSection
	GlobalSection(ExtensibilityGlobals) = postSolution
		SolutionGuid = {3D323934-35F8-431B-A296-DA2D55EB85D3}
	EndGlobalSection
EndGlobal
